
Microsoft Visual Studio Solution File, Format Version 12.00
# Visual Studio 2013
VisualStudioVersion = 12.0.30723.0
MinimumVisualStudioVersion = 10.0.40219.1
Project("{FAE04EC0-301F-11D3-BF4B-00C04F79EFBC}") = "DokanNet", "DokanNet\DokanNet.csproj", "{A09B408A-26A0-4FF8-83D5-6E1B1DA5F63C}"
EndProject
Project("{FAE04EC0-301F-11D3-BF4B-00C04F79EFBC}") = "FlexStorage", "FlexStorage\FlexStorage.csproj", "{01247A47-387C-4BB4-8068-31CB3F16BD9F}"
EndProject
Project("{FAE04EC0-301F-11D3-BF4B-00C04F79EFBC}") = "Loader", "Loader\Loader.csproj", "{76B3CCC3-3652-46A8-9C82-42A78E1BEE0A}"
EndProject
Global
	GlobalSection(SolutionConfigurationPlatforms) = preSolution
		Debug|Any CPU = Debug|Any CPU
		Release|Any CPU = Release|Any CPU
	EndGlobalSection
	GlobalSection(ProjectConfigurationPlatforms) = postSolution
		{A09B408A-26A0-4FF8-83D5-6E1B1DA5F63C}.Debug|Any CPU.ActiveCfg = Debug|Any CPU
		{A09B408A-26A0-4FF8-83D5-6E1B1DA5F63C}.Debug|Any CPU.Build.0 = Debug|Any CPU
		{A09B408A-26A0-4FF8-83D5-6E1B1DA5F63C}.Release|Any CPU.ActiveCfg = Release|Any CPU
		{A09B408A-26A0-4FF8-83D5-6E1B1DA5F63C}.Release|Any CPU.Build.0 = Release|Any CPU
		{01247A47-387C-4BB4-8068-31CB3F16BD9F}.Debug|Any CPU.ActiveCfg = Debug|Any CPU
		{01247A47-387C-4BB4-8068-31CB3F16BD9F}.Debug|Any CPU.Build.0 = Debug|Any CPU
		{01247A47-387C-4BB4-8068-31CB3F16BD9F}.Release|Any CPU.ActiveCfg = Release|Any CPU
		{01247A47-387C-4BB4-8068-31CB3F16BD9F}.Release|Any CPU.Build.0 = Release|Any CPU
		{76B3CCC3-3652-46A8-9C82-42A78E1BEE0A}.Debug|Any CPU.ActiveCfg = Debug|Any CPU
		{76B3CCC3-3652-46A8-9C82-42A78E1BEE0A}.Debug|Any CPU.Build.0 = Debug|Any CPU
		{76B3CCC3-3652-46A8-9C82-42A78E1BEE0A}.Release|Any CPU.ActiveCfg = Release|Any CPU
		{76B3CCC3-3652-46A8-9C82-42A78E1BEE0A}.Release|Any CPU.Build.0 = Release|Any CPU
	EndGlobalSection
	GlobalSection(SolutionProperties) = preSolution
		HideSolutionNode = FALSE
	EndGlobalSection
EndGlobal
